# THIS IS AN AUTOGENERATED FILE. DO NOT EDIT THIS FILE DIRECTLY.
# yarn lockfile v1


"@terascope/chunked-file-reader@^0.1.2":
  version "0.1.2"
  resolved "https://registry.yarnpkg.com/@terascope/chunked-file-reader/-/chunked-file-reader-0.1.2.tgz#92860d75b117b9ffc1bb995ebaaa1450a44abb77"
  dependencies:
    bluebird "^3.5.1"

"@terascope/job-components@^0.4.1":
  version "0.4.1"
  resolved "https://registry.yarnpkg.com/@terascope/job-components/-/job-components-0.4.1.tgz#2162539e451eb9b960fc223b4eaf1134b1d6e542"
  dependencies:
    "@terascope/teraslice-types" "^0.1.1"
    "@types/fs-extra" "^5.0.4"
    "@types/lodash" "^4.14.116"
    "@types/moment" "^2.13.0"
    "@types/node" "^10.7.1"
    datemath-parser "^1.0.6"
    fs-extra "^7.0.0"
    lodash "^4.17.5"
    moment "^2.22.2"
    rimraf "^2.0.0"
    ts-node "^7.0.1"
    typescript "^3.0.1"

"@terascope/queue@^1.1.6":
  version "1.1.6"
  resolved "https://registry.yarnpkg.com/@terascope/queue/-/queue-1.1.6.tgz#763d035cf31d2e1fd819ae827274f50874016708"

"@terascope/teraslice-types@^0.1.1":
  version "0.1.1"
  resolved "https://registry.yarnpkg.com/@terascope/teraslice-types/-/teraslice-types-0.1.1.tgz#d3aa07fbdda338ba947be2e42e4ff5fd1b244e9f"
  dependencies:
    "@types/bunyan" "^1.8.4"
    "@types/convict" "^4.2.0"
    "@types/lodash" "^4.14.116"
    "@types/node" "^10.7.1"
    bunyan "^1.8.12"
    convict "^4.3.2"
    debugnyan "^2.0.2"
    rimraf "^2.0.0"
    typescript "^3.0.1"

"@types/bunyan@^1.8.4":
  version "1.8.4"
  resolved "https://registry.yarnpkg.com/@types/bunyan/-/bunyan-1.8.4.tgz#69c11adc7b50538d45fb68d9ae39d062b9432f38"
  dependencies:
    "@types/events" "*"
    "@types/node" "*"

"@types/convict@^4.2.0":
  version "4.2.0"
  resolved "https://registry.yarnpkg.com/@types/convict/-/convict-4.2.0.tgz#87ec9c10bfae801f79bf9dfa0f603c064e2fa5fa"

"@types/events@*":
  version "1.2.0"
  resolved "https://registry.yarnpkg.com/@types/events/-/events-1.2.0.tgz#81a6731ce4df43619e5c8c945383b3e62a89ea86"

"@types/fs-extra@^5.0.4":
  version "5.0.4"
  resolved "https://registry.yarnpkg.com/@types/fs-extra/-/fs-extra-5.0.4.tgz#b971134d162cc0497d221adde3dbb67502225599"
  dependencies:
    "@types/node" "*"

"@types/lodash@^4.14.116":
  version "4.14.116"
  resolved "https://registry.yarnpkg.com/@types/lodash/-/lodash-4.14.116.tgz#5ccf215653e3e8c786a58390751033a9adca0eb9"

"@types/moment@^2.13.0":
  version "2.13.0"
  resolved "https://registry.yarnpkg.com/@types/moment/-/moment-2.13.0.tgz#604ebd189bc3bc34a1548689404e61a2a4aac896"
  dependencies:
    moment "*"

"@types/node@*", "@types/node@^10.7.1":
  version "10.9.3"
  resolved "https://registry.yarnpkg.com/@types/node/-/node-10.9.3.tgz#85f288502503ade0b3bfc049fe1777b05d0327d5"

arrify@^1.0.0:
  version "1.0.1"
  resolved "https://registry.yarnpkg.com/arrify/-/arrify-1.0.1.tgz#898508da2226f380df904728456849c1501a4b0d"

balanced-match@^1.0.0:
  version "1.0.0"
  resolved "https://registry.yarnpkg.com/balanced-match/-/balanced-match-1.0.0.tgz#89b4d199ab2bee49de164ea02b89ce462d71b767"

bluebird@^3.5.1:
  version "3.5.1"
  resolved "https://registry.yarnpkg.com/bluebird/-/bluebird-3.5.1.tgz#d9551f9de98f1fcda1e683d17ee91a0602ee2eb9"

brace-expansion@^1.1.7:
  version "1.1.11"
  resolved "https://registry.yarnpkg.com/brace-expansion/-/brace-expansion-1.1.11.tgz#3c7fcbf529d87226f3d2f52b966ff5271eb441dd"
  dependencies:
    balanced-match "^1.0.0"
    concat-map "0.0.1"

buffer-from@^1.0.0, buffer-from@^1.1.0:
  version "1.1.1"
  resolved "https://registry.yarnpkg.com/buffer-from/-/buffer-from-1.1.1.tgz#32713bc028f75c02fdb710d7c7bcec1f2c6070ef"

bunyan@^1.8.1, bunyan@^1.8.12:
  version "1.8.12"
  resolved "https://registry.yarnpkg.com/bunyan/-/bunyan-1.8.12.tgz#f150f0f6748abdd72aeae84f04403be2ef113797"
  optionalDependencies:
    dtrace-provider "~0.8"
    moment "^2.10.6"
    mv "~2"
    safe-json-stringify "~1"

camelcase@^4.1.0:
  version "4.1.0"
  resolved "https://registry.yarnpkg.com/camelcase/-/camelcase-4.1.0.tgz#d545635be1e33c542649c69173e5de6acfae34dd"

commander@^2.15.1:
  version "2.17.1"
  resolved "https://registry.yarnpkg.com/commander/-/commander-2.17.1.tgz#bd77ab7de6de94205ceacc72f1716d29f20a77bf"

concat-map@0.0.1:
  version "0.0.1"
  resolved "https://registry.yarnpkg.com/concat-map/-/concat-map-0.0.1.tgz#d8a96bd77fd68df7793a73036a3ba0d5405d477b"

convict@^4.3.2:
  version "4.3.2"
  resolved "https://registry.yarnpkg.com/convict/-/convict-4.3.2.tgz#0b3ff1e96114983a7266d599d2e028bb4cdc5692"
  dependencies:
    depd "1.1.2"
    json5 "1.0.1"
    lodash.clonedeep "4.5.0"
    moment "2.22.2"
    validator "10.4.0"
    yargs-parser "10.1.0"

cuint@^0.2.0, cuint@latest:
  version "0.2.2"
  resolved "https://registry.yarnpkg.com/cuint/-/cuint-0.2.2.tgz#408086d409550c2631155619e9fa7bcadc3b991b"

datemath-parser@^1.0.6:
  version "1.0.6"
  resolved "https://registry.yarnpkg.com/datemath-parser/-/datemath-parser-1.0.6.tgz#d527dabf8541b3da1b661d81c16c328f3b9a8dc5"
  dependencies:
    moment "^2.22.2"

debug@^2.2.0:
  version "2.6.9"
  resolved "https://registry.yarnpkg.com/debug/-/debug-2.6.9.tgz#5d128515df134ff327e90a4c93f4e077a536341f"
  dependencies:
    ms "2.0.0"

debugnyan@^2.0.2:
  version "2.0.2"
  resolved "https://registry.yarnpkg.com/debugnyan/-/debugnyan-2.0.2.tgz#83138804167ab2733988b9b0b90f0d11c9d1e1a1"
  dependencies:
    bunyan "^1.8.1"
    debug "^2.2.0"

depd@1.1.2:
  version "1.1.2"
  resolved "https://registry.yarnpkg.com/depd/-/depd-1.1.2.tgz#9bcd52e14c097763e749b274c4346ed2e560b5a9"

diff@^3.1.0:
  version "3.5.0"
  resolved "https://registry.yarnpkg.com/diff/-/diff-3.5.0.tgz#800c0dd1e0a8bfbc95835c202ad220fe317e5a12"

dtrace-provider@~0.8:
  version "0.8.7"
  resolved "https://registry.yarnpkg.com/dtrace-provider/-/dtrace-provider-0.8.7.tgz#dc939b4d3e0620cfe0c1cd803d0d2d7ed04ffd04"
  dependencies:
    nan "^2.10.0"

fs-extra@^7.0.0:
  version "7.0.0"
  resolved "https://registry.yarnpkg.com/fs-extra/-/fs-extra-7.0.0.tgz#8cc3f47ce07ef7b3593a11b9fb245f7e34c041d6"
  dependencies:
    graceful-fs "^4.1.2"
    jsonfile "^4.0.0"
    universalify "^0.1.0"

fs.realpath@^1.0.0:
  version "1.0.0"
  resolved "https://registry.yarnpkg.com/fs.realpath/-/fs.realpath-1.0.0.tgz#1504ad2523158caa40db4a2787cb01411994ea4f"

glob@^6.0.1:
  version "6.0.4"
  resolved "https://registry.yarnpkg.com/glob/-/glob-6.0.4.tgz#0f08860f6a155127b2fadd4f9ce24b1aab6e4d22"
  dependencies:
    inflight "^1.0.4"
    inherits "2"
    minimatch "2 || 3"
    once "^1.3.0"
    path-is-absolute "^1.0.0"

glob@^7.0.5, glob@^7.1.3:
  version "7.1.3"
  resolved "https://registry.yarnpkg.com/glob/-/glob-7.1.3.tgz#3960832d3f1574108342dafd3a67b332c0969df1"
  dependencies:
    fs.realpath "^1.0.0"
    inflight "^1.0.4"
    inherits "2"
    minimatch "^3.0.4"
    once "^1.3.0"
    path-is-absolute "^1.0.0"

graceful-fs@^4.1.2, graceful-fs@^4.1.6:
  version "4.1.11"
  resolved "https://registry.yarnpkg.com/graceful-fs/-/graceful-fs-4.1.11.tgz#0e8bdfe4d1ddb8854d64e04ea7c00e2a026e5658"

inflight@^1.0.4:
  version "1.0.6"
  resolved "https://registry.yarnpkg.com/inflight/-/inflight-1.0.6.tgz#49bd6331d7d02d0c09bc910a1075ba8165b56df9"
  dependencies:
    once "^1.3.0"
    wrappy "1"

inherits@2:
  version "2.0.3"
  resolved "https://registry.yarnpkg.com/inherits/-/inherits-2.0.3.tgz#633c2c83e3da42a502f52466022480f4208261de"

json2csv@4.2.0:
  version "4.2.0"
  resolved "https://registry.yarnpkg.com/json2csv/-/json2csv-4.2.0.tgz#19fd7734b61aa5343e615eef2a9f7d4d247a0d6b"
  dependencies:
    commander "^2.15.1"
    jsonparse "^1.3.1"
    lodash.clonedeep "^4.5.0"
    lodash.get "^4.4.2"
    lodash.set "^4.3.2"

json5@1.0.1:
  version "1.0.1"
  resolved "https://registry.yarnpkg.com/json5/-/json5-1.0.1.tgz#779fb0018604fa854eacbf6252180d83543e3dbe"
  dependencies:
    minimist "^1.2.0"

jsonfile@^4.0.0:
  version "4.0.0"
  resolved "https://registry.yarnpkg.com/jsonfile/-/jsonfile-4.0.0.tgz#8771aae0799b64076b76640fca058f9c10e33ecb"
  optionalDependencies:
    graceful-fs "^4.1.6"

jsonparse@^1.3.1:
  version "1.3.1"
  resolved "https://registry.yarnpkg.com/jsonparse/-/jsonparse-1.3.1.tgz#3f4dae4a91fac315f71062f8521cc239f1366280"

lodash.clonedeep@4.5.0, lodash.clonedeep@^4.5.0:
  version "4.5.0"
  resolved "https://registry.yarnpkg.com/lodash.clonedeep/-/lodash.clonedeep-4.5.0.tgz#e23f3f9c4f8fbdde872529c1071857a086e5ccef"

lodash.get@^4.4.2:
  version "4.4.2"
  resolved "https://registry.yarnpkg.com/lodash.get/-/lodash.get-4.4.2.tgz#2d177f652fa31e939b4438d5341499dfa3825e99"

lodash.set@^4.3.2:
  version "4.3.2"
  resolved "https://registry.yarnpkg.com/lodash.set/-/lodash.set-4.3.2.tgz#d8757b1da807dde24816b0d6a84bea1a76230b23"

lodash@^4.17.10:
  version "4.17.10"
  resolved "https://registry.yarnpkg.com/lodash/-/lodash-4.17.10.tgz#1b7793cf7259ea38fb3661d4d38b3260af8ae4e7"

lodash@^4.17.5:
  version "4.17.11"
  resolved "https://registry.yarnpkg.com/lodash/-/lodash-4.17.11.tgz#b39ea6229ef607ecd89e2c8df12536891cac9b8d"

lz4@^0.5.3:
  version "0.5.3"
  resolved "https://registry.yarnpkg.com/lz4/-/lz4-0.5.3.tgz#cc851333c69f17f007329acf4e0bab51490c08f4"
  dependencies:
    cuint "^0.2.0"
    nan "^2.0.9"
    xxhashjs "^0.1.1"

make-error@^1.1.1:
  version "1.3.4"
  resolved "https://registry.yarnpkg.com/make-error/-/make-error-1.3.4.tgz#19978ed575f9e9545d2ff8c13e33b5d18a67d535"

"minimatch@2 || 3", minimatch@^3.0.4:
  version "3.0.4"
  resolved "https://registry.yarnpkg.com/minimatch/-/minimatch-3.0.4.tgz#5166e286457f03306064be5497e8dbb0c3d32083"
  dependencies:
    brace-expansion "^1.1.7"

minimist@0.0.8:
  version "0.0.8"
  resolved "https://registry.yarnpkg.com/minimist/-/minimist-0.0.8.tgz#857fcabfc3397d2625b8228262e86aa7a011b05d"

minimist@^1.2.0:
  version "1.2.0"
  resolved "https://registry.yarnpkg.com/minimist/-/minimist-1.2.0.tgz#a35008b20f41383eec1fb914f4cd5df79a264284"

mkdirp@^0.5.1, mkdirp@~0.5.1:
  version "0.5.1"
  resolved "https://registry.yarnpkg.com/mkdirp/-/mkdirp-0.5.1.tgz#30057438eac6cf7f8c4767f38648d6697d75c903"
  dependencies:
    minimist "0.0.8"

moment@*, moment@2.22.2, moment@^2.10.6, moment@^2.22.2:
  version "2.22.2"
  resolved "https://registry.yarnpkg.com/moment/-/moment-2.22.2.tgz#3c257f9839fc0e93ff53149632239eb90783ff66"

ms@2.0.0:
  version "2.0.0"
  resolved "https://registry.yarnpkg.com/ms/-/ms-2.0.0.tgz#5608aeadfc00be6c2901df5f9861788de0d597c8"

mv@~2:
  version "2.1.1"
  resolved "https://registry.yarnpkg.com/mv/-/mv-2.1.1.tgz#ae6ce0d6f6d5e0a4f7d893798d03c1ea9559b6a2"
  dependencies:
    mkdirp "~0.5.1"
    ncp "~2.0.0"
    rimraf "~2.4.0"

nan@^2.0.9, nan@^2.10.0:
  version "2.11.0"
  resolved "https://registry.yarnpkg.com/nan/-/nan-2.11.0.tgz#574e360e4d954ab16966ec102c0c049fd961a099"

ncp@~2.0.0:
  version "2.0.0"
  resolved "https://registry.yarnpkg.com/ncp/-/ncp-2.0.0.tgz#195a21d6c46e361d2fb1281ba38b91e9df7bdbb3"

once@^1.3.0:
  version "1.4.0"
  resolved "https://registry.yarnpkg.com/once/-/once-1.4.0.tgz#583b1aa775961d4b113ac17d9c50baef9dd76bd1"
  dependencies:
    wrappy "1"

path-is-absolute@^1.0.0:
  version "1.0.1"
  resolved "https://registry.yarnpkg.com/path-is-absolute/-/path-is-absolute-1.0.1.tgz#174b9268735534ffbc7ace6bf53a5a9e1b5c5f5f"

rimraf@^2.0.0:
  version "2.6.2"
  resolved "https://registry.yarnpkg.com/rimraf/-/rimraf-2.6.2.tgz#2ed8150d24a16ea8651e6d6ef0f47c4158ce7a36"
  dependencies:
    glob "^7.0.5"

rimraf@~2.4.0:
  version "2.4.5"
  resolved "https://registry.yarnpkg.com/rimraf/-/rimraf-2.4.5.tgz#ee710ce5d93a8fdb856fb5ea8ff0e2d75934b2da"
  dependencies:
    glob "^6.0.1"

safe-json-stringify@~1:
  version "1.2.0"
  resolved "https://registry.yarnpkg.com/safe-json-stringify/-/safe-json-stringify-1.2.0.tgz#356e44bc98f1f93ce45df14bcd7c01cda86e0afd"

source-map-support@^0.5.6:
  version "0.5.9"
  resolved "https://registry.yarnpkg.com/source-map-support/-/source-map-support-0.5.9.tgz#41bc953b2534267ea2d605bccfa7bfa3111ced5f"
  dependencies:
    buffer-from "^1.0.0"
    source-map "^0.6.0"

source-map@^0.6.0:
  version "0.6.1"
  resolved "https://registry.yarnpkg.com/source-map/-/source-map-0.6.1.tgz#74722af32e9614e9c287a8d0bbde48b5e2f1a263"

ts-node@^7.0.1:
  version "7.0.1"
  resolved "https://registry.yarnpkg.com/ts-node/-/ts-node-7.0.1.tgz#9562dc2d1e6d248d24bc55f773e3f614337d9baf"
  dependencies:
    arrify "^1.0.0"
    buffer-from "^1.1.0"
    diff "^3.1.0"
    make-error "^1.1.1"
    minimist "^1.2.0"
    mkdirp "^0.5.1"
    source-map-support "^0.5.6"
    yn "^2.0.0"

typescript@^3.0.1:
  version "3.0.1"
  resolved "https://registry.yarnpkg.com/typescript/-/typescript-3.0.1.tgz#43738f29585d3a87575520a4b93ab6026ef11fdb"

universalify@^0.1.0:
  version "0.1.2"
  resolved "https://registry.yarnpkg.com/universalify/-/universalify-0.1.2.tgz#b646f69be3942dabcecc9d6639c80dc105efaa66"

validator@10.4.0:
  version "10.4.0"
  resolved "https://registry.yarnpkg.com/validator/-/validator-10.4.0.tgz#ee99a44afb3bb5ed350a159f056ca72a204cfc3c"

wrappy@1:
  version "1.0.2"
  resolved "https://registry.yarnpkg.com/wrappy/-/wrappy-1.0.2.tgz#b5243d8f3ec1aa35f1364605bc0d1036e30ab69f"

xxhashjs@^0.1.1:
  version "0.1.1"
  resolved "https://registry.yarnpkg.com/xxhashjs/-/xxhashjs-0.1.1.tgz#a03ce1be3a2946a1d31fece0c18972f8bd2e464f"
  dependencies:
    cuint latest

yargs-parser@10.1.0:
  version "10.1.0"
  resolved "https://registry.yarnpkg.com/yargs-parser/-/yargs-parser-10.1.0.tgz#7202265b89f7e9e9f2e5765e0fe735a905edbaa8"
  dependencies:
    camelcase "^4.1.0"

yn@^2.0.0:
  version "2.0.0"
  resolved "https://registry.yarnpkg.com/yn/-/yn-2.0.0.tgz#e5adabc8acf408f6385fc76495684c88e6af689a"
